
Microsoft Visual Studio Solution File, Format Version 12.00
# Visual Studio Version 17
VisualStudioVersion = 17.14.36518.9
MinimumVisualStudioVersion = 10.0.40219.1
Project("{2150E333-8FDC-42A3-9474-1A3956D46DE8}") = "Task0", "Task0", "{02EA681E-C7D8-13C7-8484-4AC65E1B71E8}"
EndProject
Project("{FAE04EC0-301F-11D3-BF4B-00C04F79EFBC}") = "Tyuiu.YachmenevaPV.Sprint3.Task0.V25", "Tyuiu.YachmenevaPV.Sprint3.Task0.V25\Tyuiu.YachmenevaPV.Sprint3.Task0.V25.csproj", "{836984D8-B6BA-44F4-9925-6C5BEFBAF223}"
EndProject
Project("{FAE04EC0-301F-11D3-BF4B-00C04F79EFBC}") = "Tyuiu.YachmenevaPV.Sprint3.Task0.V25.Lib", "Tyuiu.YachmenevaPV.Sprint3.Task0.V25.Lib\Tyuiu.YachmenevaPV.Sprint3.Task0.V25.Lib.csproj", "{1EA9F4CA-647E-486C-89B6-4F4B187E4EE4}"
EndProject
Project("{FAE04EC0-301F-11D3-BF4B-00C04F79EFBC}") = "Tyuiu.YachmenevaPV.Sprint3.Task0.V25.Test", "Tyuiu.YachmenevaPV.Sprint3.Task0.V25.Test\Tyuiu.YachmenevaPV.Sprint3.Task0.V25.Test.csproj", "{6CAFDA20-9CF7-4BD5-A68F-56C26FF8CA3E}"
EndProject
Project("{2150E333-8FDC-42A3-9474-1A3956D46DE8}") = "Task1", "Task1", "{4ADA94D5-1703-4A5D-A12F-1ECD65214311}"
EndProject
Project("{FAE04EC0-301F-11D3-BF4B-00C04F79EFBC}") = "Tyuiu.YachmenevaPV.Sprint3.Task1.V4", "Tyuiu.YachmenevaPV.Sprint3.Task1.V4\Tyuiu.YachmenevaPV.Sprint3.Task1.V4.csproj", "{F1D03C92-8DFA-4206-A066-48ECAA54EB63}"
EndProject
Project("{FAE04EC0-301F-11D3-BF4B-00C04F79EFBC}") = "Tyuiu.YachmenevaPV.Sprint3.Task1.V4.Lib", "Tyuiu.YachmenevaPV.Sprint3.Task1.V4.Lib\Tyuiu.YachmenevaPV.Sprint3.Task1.V4.Lib.csproj", "{D178F609-F69B-4B66-9DCB-6ADFA87B274E}"
EndProject
Project("{FAE04EC0-301F-11D3-BF4B-00C04F79EFBC}") = "Tyuiu.YachmenevaPV.Sprint3.Task1.V4.Test", "Tyuiu.YachmenevaPV.Sprint3.Task1.V4.Test\Tyuiu.YachmenevaPV.Sprint3.Task1.V4.Test.csproj", "{9A51FC7E-8788-43EB-B800-DB2F27DD8384}"
EndProject
Project("{2150E333-8FDC-42A3-9474-1A3956D46DE8}") = "Task2", "Task2", "{1C08C574-1B5F-465E-B941-1778439A0F8E}"
EndProject
Project("{FAE04EC0-301F-11D3-BF4B-00C04F79EFBC}") = "Tyuiu.YachmenevaPV.Sprint3.Task2.V26", "Tyuiu.YachmenevaPV.Sprint3.Task2.V26\Tyuiu.YachmenevaPV.Sprint3.Task2.V26.csproj", "{3F8E55A7-D116-45B1-82CE-DAC7B5B74499}"
EndProject
Project("{FAE04EC0-301F-11D3-BF4B-00C04F79EFBC}") = "Tyuiu.YachmenevaPV.Sprint3.Task2.V26.Lib", "Tyuiu.YachmenevaPV.Sprint3.Task2.V26.Lib\Tyuiu.YachmenevaPV.Sprint3.Task2.V26.Lib.csproj", "{BC84F2E4-F5E3-41A2-865E-BE63736B7A2F}"
EndProject
Project("{FAE04EC0-301F-11D3-BF4B-00C04F79EFBC}") = "Tyuiu.YachmenevaPV.Sprint3.Task2.V26.Test", "Tyuiu.YachmenevaPV.Sprint3.Task2.V26.Test\Tyuiu.YachmenevaPV.Sprint3.Task2.V26.Test.csproj", "{461CEA54-A41E-4F6F-BE65-204FC29086FC}"
EndProject
Project("{2150E333-8FDC-42A3-9474-1A3956D46DE8}") = "Task3", "Task3", "{37DDEC0F-EF66-4002-B644-A0DD9CDC18DF}"
EndProject
Project("{FAE04EC0-301F-11D3-BF4B-00C04F79EFBC}") = "Tyuiu.YachmenevaPV.Sprint3.Task3.V5", "Tyuiu.YachmenevaPV.Sprint3.Task3.V5\Tyuiu.YachmenevaPV.Sprint3.Task3.V5.csproj", "{2B294023-5D62-4FE9-93A0-D9792C83EFDD}"
EndProject
Project("{FAE04EC0-301F-11D3-BF4B-00C04F79EFBC}") = "Tyuiu.YachmenevaPV.Sprint3.Task3.V5.Lib", "Tyuiu.YachmenevaPV.Sprint3.Task3.V5.Lib\Tyuiu.YachmenevaPV.Sprint3.Task3.V5.Lib.csproj", "{E3DF054A-5DF1-45F4-993E-19F96943F05F}"
EndProject
Project("{FAE04EC0-301F-11D3-BF4B-00C04F79EFBC}") = "Tyuiu.YachmenevaPV.Sprint3.Task3.V5.Test", "Tyuiu.YachmenevaPV.Sprint3.Task3.V5.Test\Tyuiu.YachmenevaPV.Sprint3.Task3.V5.Test.csproj", "{3FA4F86F-F552-4221-B127-6FEF0790C6C8}"
EndProject
Project("{2150E333-8FDC-42A3-9474-1A3956D46DE8}") = "Task4", "Task4", "{D4183E87-06E3-4669-B5BA-17CE146A88D3}"
EndProject
Project("{FAE04EC0-301F-11D3-BF4B-00C04F79EFBC}") = "Tyuiu.YachmenevaPV.Sprint3.Task4.V5", "Tyuiu.YachmenevaPV.Sprint3.Task4.V5\Tyuiu.YachmenevaPV.Sprint3.Task4.V5.csproj", "{CF0948F0-70FA-4587-87FF-CC8CF7ABDAD2}"
EndProject
Project("{FAE04EC0-301F-11D3-BF4B-00C04F79EFBC}") = "Tyuiu.YachmenevaPV.Sprint3.Task4.V5.Lib", "Tyuiu.YachmenevaPV.Sprint3.Task4.V5.Lib\Tyuiu.YachmenevaPV.Sprint3.Task4.V5.Lib.csproj", "{CAC599FC-C7D4-4466-B4C8-BA170445A6EB}"
EndProject
Project("{FAE04EC0-301F-11D3-BF4B-00C04F79EFBC}") = "Tyuiu.YachmenevaPV.Sprint3.Task4.V5.Test", "Tyuiu.YachmenevaPV.Sprint3.Task4.V5.Test\Tyuiu.YachmenevaPV.Sprint3.Task4.V5.Test.csproj", "{78263119-E927-41FF-BEC3-94F24231E802}"
EndProject
Project("{2150E333-8FDC-42A3-9474-1A3956D46DE8}") = "Task5", "Task5", "{972A62E4-588A-45E2-BB1C-175D4A8A95DC}"
EndProject
Project("{FAE04EC0-301F-11D3-BF4B-00C04F79EFBC}") = "Tyuiu.YachmenevaPV.Sprint3.Task5.V18", "Tyuiu.YachmenevaPV.Sprint3.Task5.V18\Tyuiu.YachmenevaPV.Sprint3.Task5.V18.csproj", "{5E87D3E7-0B8D-4215-BAA3-9CDB98012E20}"
EndProject
Project("{FAE04EC0-301F-11D3-BF4B-00C04F79EFBC}") = "Tyuiu.YachmenevaPV.Sprint3.Task5.V18.Lib", "Tyuiu.YachmenevaPV.Sprint3.Task5.V18.Lib\Tyuiu.YachmenevaPV.Sprint3.Task5.V18.Lib.csproj", "{458B2087-146D-47E1-8374-14732FCD08E2}"
EndProject
Project("{FAE04EC0-301F-11D3-BF4B-00C04F79EFBC}") = "Tyuiu.YachmenevaPV.Sprint3.Task5.V18.Test", "Tyuiu.YachmenevaPV.Sprint3.Task5.V18.Test\Tyuiu.YachmenevaPV.Sprint3.Task5.V18.Test.csproj", "{A57438E1-ECCD-4A19-84E2-76FA98C47584}"
EndProject
Global
	GlobalSection(SolutionConfigurationPlatforms) = preSolution
		Debug|Any CPU = Debug|Any CPU
		Release|Any CPU = Release|Any CPU
	EndGlobalSection
	GlobalSection(ProjectConfigurationPlatforms) = postSolution
		{836984D8-B6BA-44F4-9925-6C5BEFBAF223}.Debug|Any CPU.ActiveCfg = Debug|Any CPU
		{836984D8-B6BA-44F4-9925-6C5BEFBAF223}.Debug|Any CPU.Build.0 = Debug|Any CPU
		{836984D8-B6BA-44F4-9925-6C5BEFBAF223}.Release|Any CPU.ActiveCfg = Release|Any CPU
		{836984D8-B6BA-44F4-9925-6C5BEFBAF223}.Release|Any CPU.Build.0 = Release|Any CPU
		{1EA9F4CA-647E-486C-89B6-4F4B187E4EE4}.Debug|Any CPU.ActiveCfg = Debug|Any CPU
		{1EA9F4CA-647E-486C-89B6-4F4B187E4EE4}.Debug|Any CPU.Build.0 = Debug|Any CPU
		{1EA9F4CA-647E-486C-89B6-4F4B187E4EE4}.Release|Any CPU.ActiveCfg = Release|Any CPU
		{1EA9F4CA-647E-486C-89B6-4F4B187E4EE4}.Release|Any CPU.Build.0 = Release|Any CPU
		{6CAFDA20-9CF7-4BD5-A68F-56C26FF8CA3E}.Debug|Any CPU.ActiveCfg = Debug|Any CPU
		{6CAFDA20-9CF7-4BD5-A68F-56C26FF8CA3E}.Debug|Any CPU.Build.0 = Debug|Any CPU
		{6CAFDA20-9CF7-4BD5-A68F-56C26FF8CA3E}.Release|Any CPU.ActiveCfg = Release|Any CPU
		{6CAFDA20-9CF7-4BD5-A68F-56C26FF8CA3E}.Release|Any CPU.Build.0 = Release|Any CPU
		{F1D03C92-8DFA-4206-A066-48ECAA54EB63}.Debug|Any CPU.ActiveCfg = Debug|Any CPU
		{F1D03C92-8DFA-4206-A066-48ECAA54EB63}.Debug|Any CPU.Build.0 = Debug|Any CPU
		{F1D03C92-8DFA-4206-A066-48ECAA54EB63}.Release|Any CPU.ActiveCfg = Release|Any CPU
		{F1D03C92-8DFA-4206-A066-48ECAA54EB63}.Release|Any CPU.Build.0 = Release|Any CPU
		{D178F609-F69B-4B66-9DCB-6ADFA87B274E}.Debug|Any CPU.ActiveCfg = Debug|Any CPU
		{D178F609-F69B-4B66-9DCB-6ADFA87B274E}.Debug|Any CPU.Build.0 = Debug|Any CPU
		{D178F609-F69B-4B66-9DCB-6ADFA87B274E}.Release|Any CPU.ActiveCfg = Release|Any CPU
		{D178F609-F69B-4B66-9DCB-6ADFA87B274E}.Release|Any CPU.Build.0 = Release|Any CPU
		{9A51FC7E-8788-43EB-B800-DB2F27DD8384}.Debug|Any CPU.ActiveCfg = Debug|Any CPU
		{9A51FC7E-8788-43EB-B800-DB2F27DD8384}.Debug|Any CPU.Build.0 = Debug|Any CPU
		{9A51FC7E-8788-43EB-B800-DB2F27DD8384}.Release|Any CPU.ActiveCfg = Release|Any CPU
		{9A51FC7E-8788-43EB-B800-DB2F27DD8384}.Release|Any CPU.Build.0 = Release|Any CPU
		{3F8E55A7-D116-45B1-82CE-DAC7B5B74499}.Debug|Any CPU.ActiveCfg = Debug|Any CPU
		{3F8E55A7-D116-45B1-82CE-DAC7B5B74499}.Debug|Any CPU.Build.0 = Debug|Any CPU
		{3F8E55A7-D116-45B1-82CE-DAC7B5B74499}.Release|Any CPU.ActiveCfg = Release|Any CPU
		{3F8E55A7-D116-45B1-82CE-DAC7B5B74499}.Release|Any CPU.Build.0 = Release|Any CPU
		{BC84F2E4-F5E3-41A2-865E-BE63736B7A2F}.Debug|Any CPU.ActiveCfg = Debug|Any CPU
		{BC84F2E4-F5E3-41A2-865E-BE63736B7A2F}.Debug|Any CPU.Build.0 = Debug|Any CPU
		{BC84F2E4-F5E3-41A2-865E-BE63736B7A2F}.Release|Any CPU.ActiveCfg = Release|Any CPU
		{BC84F2E4-F5E3-41A2-865E-BE63736B7A2F}.Release|Any CPU.Build.0 = Release|Any CPU
		{461CEA54-A41E-4F6F-BE65-204FC29086FC}.Debug|Any CPU.ActiveCfg = Debug|Any CPU
		{461CEA54-A41E-4F6F-BE65-204FC29086FC}.Debug|Any CPU.Build.0 = Debug|Any CPU
		{461CEA54-A41E-4F6F-BE65-204FC29086FC}.Release|Any CPU.ActiveCfg = Release|Any CPU
		{461CEA54-A41E-4F6F-BE65-204FC29086FC}.Release|Any CPU.Build.0 = Release|Any CPU
		{2B294023-5D62-4FE9-93A0-D9792C83EFDD}.Debug|Any CPU.ActiveCfg = Debug|Any CPU
		{2B294023-5D62-4FE9-93A0-D9792C83EFDD}.Debug|Any CPU.Build.0 = Debug|Any CPU
		{2B294023-5D62-4FE9-93A0-D9792C83EFDD}.Release|Any CPU.ActiveCfg = Release|Any CPU
		{2B294023-5D62-4FE9-93A0-D9792C83EFDD}.Release|Any CPU.Build.0 = Release|Any CPU
		{E3DF054A-5DF1-45F4-993E-19F96943F05F}.Debug|Any CPU.ActiveCfg = Debug|Any CPU
		{E3DF054A-5DF1-45F4-993E-19F96943F05F}.Debug|Any CPU.Build.0 = Debug|Any CPU
		{E3DF054A-5DF1-45F4-993E-19F96943F05F}.Release|Any CPU.ActiveCfg = Release|Any CPU
		{E3DF054A-5DF1-45F4-993E-19F96943F05F}.Release|Any CPU.Build.0 = Release|Any CPU
		{3FA4F86F-F552-4221-B127-6FEF0790C6C8}.Debug|Any CPU.ActiveCfg = Debug|Any CPU
		{3FA4F86F-F552-4221-B127-6FEF0790C6C8}.Debug|Any CPU.Build.0 = Debug|Any CPU
		{3FA4F86F-F552-4221-B127-6FEF0790C6C8}.Release|Any CPU.ActiveCfg = Release|Any CPU
		{3FA4F86F-F552-4221-B127-6FEF0790C6C8}.Release|Any CPU.Build.0 = Release|Any CPU
		{CF0948F0-70FA-4587-87FF-CC8CF7ABDAD2}.Debug|Any CPU.ActiveCfg = Debug|Any CPU
		{CF0948F0-70FA-4587-87FF-CC8CF7ABDAD2}.Debug|Any CPU.Build.0 = Debug|Any CPU
		{CF0948F0-70FA-4587-87FF-CC8CF7ABDAD2}.Release|Any CPU.ActiveCfg = Release|Any CPU
		{CF0948F0-70FA-4587-87FF-CC8CF7ABDAD2}.Release|Any CPU.Build.0 = Release|Any CPU
		{CAC599FC-C7D4-4466-B4C8-BA170445A6EB}.Debug|Any CPU.ActiveCfg = Debug|Any CPU
		{CAC599FC-C7D4-4466-B4C8-BA170445A6EB}.Debug|Any CPU.Build.0 = Debug|Any CPU
		{CAC599FC-C7D4-4466-B4C8-BA170445A6EB}.Release|Any CPU.ActiveCfg = Release|Any CPU
		{CAC599FC-C7D4-4466-B4C8-BA170445A6EB}.Release|Any CPU.Build.0 = Release|Any CPU
		{78263119-E927-41FF-BEC3-94F24231E802}.Debug|Any CPU.ActiveCfg = Debug|Any CPU
		{78263119-E927-41FF-BEC3-94F24231E802}.Debug|Any CPU.Build.0 = Debug|Any CPU
		{78263119-E927-41FF-BEC3-94F24231E802}.Release|Any CPU.ActiveCfg = Release|Any CPU
		{78263119-E927-41FF-BEC3-94F24231E802}.Release|Any CPU.Build.0 = Release|Any CPU
		{5E87D3E7-0B8D-4215-BAA3-9CDB98012E20}.Debug|Any CPU.ActiveCfg = Debug|Any CPU
		{5E87D3E7-0B8D-4215-BAA3-9CDB98012E20}.Debug|Any CPU.Build.0 = Debug|Any CPU
		{5E87D3E7-0B8D-4215-BAA3-9CDB98012E20}.Release|Any CPU.ActiveCfg = Release|Any CPU
		{5E87D3E7-0B8D-4215-BAA3-9CDB98012E20}.Release|Any CPU.Build.0 = Release|Any CPU
		{458B2087-146D-47E1-8374-14732FCD08E2}.Debug|Any CPU.ActiveCfg = Debug|Any CPU
		{458B2087-146D-47E1-8374-14732FCD08E2}.Debug|Any CPU.Build.0 = Debug|Any CPU
		{458B2087-146D-47E1-8374-14732FCD08E2}.Release|Any CPU.ActiveCfg = Release|Any CPU
		{458B2087-146D-47E1-8374-14732FCD08E2}.Release|Any CPU.Build.0 = Release|Any CPU
		{A57438E1-ECCD-4A19-84E2-76FA98C47584}.Debug|Any CPU.ActiveCfg = Debug|Any CPU
		{A57438E1-ECCD-4A19-84E2-76FA98C47584}.Debug|Any CPU.Build.0 = Debug|Any CPU
		{A57438E1-ECCD-4A19-84E2-76FA98C47584}.Release|Any CPU.ActiveCfg = Release|Any CPU
		{A57438E1-ECCD-4A19-84E2-76FA98C47584}.Release|Any CPU.Build.0 = Release|Any CPU
	EndGlobalSection
	GlobalSection(SolutionProperties) = preSolution
		HideSolutionNode = FALSE
	EndGlobalSection
	GlobalSection(NestedProjects) = preSolution
		{836984D8-B6BA-44F4-9925-6C5BEFBAF223} = {02EA681E-C7D8-13C7-8484-4AC65E1B71E8}
		{1EA9F4CA-647E-486C-89B6-4F4B187E4EE4} = {02EA681E-C7D8-13C7-8484-4AC65E1B71E8}
		{6CAFDA20-9CF7-4BD5-A68F-56C26FF8CA3E} = {02EA681E-C7D8-13C7-8484-4AC65E1B71E8}
		{F1D03C92-8DFA-4206-A066-48ECAA54EB63} = {4ADA94D5-1703-4A5D-A12F-1ECD65214311}
		{D178F609-F69B-4B66-9DCB-6ADFA87B274E} = {4ADA94D5-1703-4A5D-A12F-1ECD65214311}
		{9A51FC7E-8788-43EB-B800-DB2F27DD8384} = {4ADA94D5-1703-4A5D-A12F-1ECD65214311}
		{3F8E55A7-D116-45B1-82CE-DAC7B5B74499} = {1C08C574-1B5F-465E-B941-1778439A0F8E}
		{BC84F2E4-F5E3-41A2-865E-BE63736B7A2F} = {1C08C574-1B5F-465E-B941-1778439A0F8E}
		{461CEA54-A41E-4F6F-BE65-204FC29086FC} = {1C08C574-1B5F-465E-B941-1778439A0F8E}
		{2B294023-5D62-4FE9-93A0-D9792C83EFDD} = {37DDEC0F-EF66-4002-B644-A0DD9CDC18DF}
		{E3DF054A-5DF1-45F4-993E-19F96943F05F} = {37DDEC0F-EF66-4002-B644-A0DD9CDC18DF}
		{3FA4F86F-F552-4221-B127-6FEF0790C6C8} = {37DDEC0F-EF66-4002-B644-A0DD9CDC18DF}
		{CF0948F0-70FA-4587-87FF-CC8CF7ABDAD2} = {D4183E87-06E3-4669-B5BA-17CE146A88D3}
		{CAC599FC-C7D4-4466-B4C8-BA170445A6EB} = {D4183E87-06E3-4669-B5BA-17CE146A88D3}
		{78263119-E927-41FF-BEC3-94F24231E802} = {D4183E87-06E3-4669-B5BA-17CE146A88D3}
		{5E87D3E7-0B8D-4215-BAA3-9CDB98012E20} = {972A62E4-588A-45E2-BB1C-175D4A8A95DC}
		{458B2087-146D-47E1-8374-14732FCD08E2} = {972A62E4-588A-45E2-BB1C-175D4A8A95DC}
		{A57438E1-ECCD-4A19-84E2-76FA98C47584} = {972A62E4-588A-45E2-BB1C-175D4A8A95DC}
	EndGlobalSection
	GlobalSection(ExtensibilityGlobals) = postSolution
		SolutionGuid = {24F0A28E-4A33-4E2C-AA92-BD154534F59C}
	EndGlobalSection
EndGlobal
